
Microsoft Visual Studio Solution File, Format Version 12.00
# Visual Studio Version 17
VisualStudioVersion = 17.8.34525.116
MinimumVisualStudioVersion = 10.0.40219.1
Project("{9A19103F-16F7-4668-BE54-9A1E7A4F7556}") = "WalkMe.API", "WalkMe.API\WalkMe.API.csproj", "{B70EFA01-DD9B-4CCE-80EB-1F1D34F9C5B0}"
EndProject
Project("{FAE04EC0-301F-11D3-BF4B-00C04F79EFBC}") = "Dotnet8.API", "Dotnet8.API\Dotnet8.API.csproj", "{BC3BB813-8949-4083-953C-7040A8967C41}"
EndProject
Project("{FAE04EC0-301F-11D3-BF4B-00C04F79EFBC}") = "Dotnet6.API", "Dotnet6.API\Dotnet6.API.csproj", "{D5AC109A-CDB0-477A-88AA-B7A4416ABC63}"
EndProject
Global
	GlobalSection(SolutionConfigurationPlatforms) = preSolution
		Debug|Any CPU = Debug|Any CPU
		Release|Any CPU = Release|Any CPU
	EndGlobalSection
	GlobalSection(ProjectConfigurationPlatforms) = postSolution
		{B70EFA01-DD9B-4CCE-80EB-1F1D34F9C5B0}.Debug|Any CPU.ActiveCfg = Debug|Any CPU
		{B70EFA01-DD9B-4CCE-80EB-1F1D34F9C5B0}.Debug|Any CPU.Build.0 = Debug|Any CPU
		{B70EFA01-DD9B-4CCE-80EB-1F1D34F9C5B0}.Release|Any CPU.ActiveCfg = Release|Any CPU
		{B70EFA01-DD9B-4CCE-80EB-1F1D34F9C5B0}.Release|Any CPU.Build.0 = Release|Any CPU
		{BC3BB813-8949-4083-953C-7040A8967C41}.Debug|Any CPU.ActiveCfg = Debug|Any CPU
		{BC3BB813-8949-4083-953C-7040A8967C41}.Debug|Any CPU.Build.0 = Debug|Any CPU
		{BC3BB813-8949-4083-953C-7040A8967C41}.Release|Any CPU.ActiveCfg = Release|Any CPU
		{BC3BB813-8949-4083-953C-7040A8967C41}.Release|Any CPU.Build.0 = Release|Any CPU
		{D5AC109A-CDB0-477A-88AA-B7A4416ABC63}.Debug|Any CPU.ActiveCfg = Debug|Any CPU
		{D5AC109A-CDB0-477A-88AA-B7A4416ABC63}.Debug|Any CPU.Build.0 = Debug|Any CPU
		{D5AC109A-CDB0-477A-88AA-B7A4416ABC63}.Release|Any CPU.ActiveCfg = Release|Any CPU
		{D5AC109A-CDB0-477A-88AA-B7A4416ABC63}.Release|Any CPU.Build.0 = Release|Any CPU
	EndGlobalSection
	GlobalSection(SolutionProperties) = preSolution
		HideSolutionNode = FALSE
	EndGlobalSection
	GlobalSection(ExtensibilityGlobals) = postSolution
		SolutionGuid = {632EABA0-5FE5-4FA7-B28C-68FCB001AE1F}
	EndGlobalSection
EndGlobal
